// !$*UTF8*$!
{
	archiveVersion = 1;
	classes = {
	};
	objectVersion = 50;
	objects = {

/* Begin PBXBuildFile section */
		3A2DE6F525879F1200B41AE9 /* Twi_ChatApp.swift in Sources */ = {isa = PBXBuildFile; fileRef = 3A2DE6F425879F1200B41AE9 /* Twi_ChatApp.swift */; };
		3A2DE6F725879F1200B41AE9 /* ContentView.swift in Sources */ = {isa = PBXBuildFile; fileRef = 3A2DE6F625879F1200B41AE9 /* ContentView.swift */; };
		3A2DE6F925879F1300B41AE9 /* Assets.xcassets in Resources */ = {isa = PBXBuildFile; fileRef = 3A2DE6F825879F1300B41AE9 /* Assets.xcassets */; };
		3A2DE6FC25879F1300B41AE9 /* Preview Assets.xcassets in Resources */ = {isa = PBXBuildFile; fileRef = 3A2DE6FB25879F1300B41AE9 /* Preview Assets.xcassets */; };
		3A2DE7092587A1AB00B41AE9 /* MainTabView.swift in Sources */ = {isa = PBXBuildFile; fileRef = 3A2DE7082587A1AB00B41AE9 /* MainTabView.swift */; };
		3A2DE70E2587A4E400B41AE9 /* FeedView.swift in Sources */ = {isa = PBXBuildFile; fileRef = 3A2DE70D2587A4E400B41AE9 /* FeedView.swift */; };
		3A2DE7112587A9CF00B41AE9 /* TweetCell.swift in Sources */ = {isa = PBXBuildFile; fileRef = 3A2DE7102587A9CF00B41AE9 /* TweetCell.swift */; };
		3ABD6E232588DA6900937F60 /* SearchView.swift in Sources */ = {isa = PBXBuildFile; fileRef = 3ABD6E222588DA6900937F60 /* SearchView.swift */; };
		3ABD6E262588DD9400937F60 /* UserCell.swift in Sources */ = {isa = PBXBuildFile; fileRef = 3ABD6E252588DD9400937F60 /* UserCell.swift */; };
		3ABD6E2B2588E05500937F60 /* ConversationsView.swift in Sources */ = {isa = PBXBuildFile; fileRef = 3ABD6E2A2588E05500937F60 /* ConversationsView.swift */; };
		3ABD6E2F2588E06F00937F60 /* ConversationsCell.swift in Sources */ = {isa = PBXBuildFile; fileRef = 3ABD6E2E2588E06F00937F60 /* ConversationsCell.swift */; };
/* End PBXBuildFile section */

/* Begin PBXFileReference section */
		3A2DE6F125879F1200B41AE9 /* Twi-Chat.app */ = {isa = PBXFileReference; explicitFileType = wrapper.application; includeInIndex = 0; path = "Twi-Chat.app"; sourceTree = BUILT_PRODUCTS_DIR; };
		3A2DE6F425879F1200B41AE9 /* Twi_ChatApp.swift */ = {isa = PBXFileReference; lastKnownFileType = sourcecode.swift; path = Twi_ChatApp.swift; sourceTree = "<group>"; };
		3A2DE6F625879F1200B41AE9 /* ContentView.swift */ = {isa = PBXFileReference; lastKnownFileType = sourcecode.swift; path = ContentView.swift; sourceTree = "<group>"; };
		3A2DE6F825879F1300B41AE9 /* Assets.xcassets */ = {isa = PBXFileReference; lastKnownFileType = folder.assetcatalog; path = Assets.xcassets; sourceTree = "<group>"; };
		3A2DE6FB25879F1300B41AE9 /* Preview Assets.xcassets */ = {isa = PBXFileReference; lastKnownFileType = folder.assetcatalog; path = "Preview Assets.xcassets"; sourceTree = "<group>"; };
		3A2DE6FD25879F1300B41AE9 /* Info.plist */ = {isa = PBXFileReference; lastKnownFileType = text.plist.xml; path = Info.plist; sourceTree = "<group>"; };
		3A2DE7082587A1AB00B41AE9 /* MainTabView.swift */ = {isa = PBXFileReference; lastKnownFileType = sourcecode.swift; path = MainTabView.swift; sourceTree = "<group>"; };
		3A2DE70D2587A4E400B41AE9 /* FeedView.swift */ = {isa = PBXFileReference; lastKnownFileType = sourcecode.swift; path = FeedView.swift; sourceTree = "<group>"; };
		3A2DE7102587A9CF00B41AE9 /* TweetCell.swift */ = {isa = PBXFileReference; lastKnownFileType = sourcecode.swift; path = TweetCell.swift; sourceTree = "<group>"; };
		3ABD6E222588DA6900937F60 /* SearchView.swift */ = {isa = PBXFileReference; lastKnownFileType = sourcecode.swift; path = SearchView.swift; sourceTree = "<group>"; };
		3ABD6E252588DD9400937F60 /* UserCell.swift */ = {isa = PBXFileReference; lastKnownFileType = sourcecode.swift; path = UserCell.swift; sourceTree = "<group>"; };
		3ABD6E2A2588E05500937F60 /* ConversationsView.swift */ = {isa = PBXFileReference; lastKnownFileType = sourcecode.swift; path = ConversationsView.swift; sourceTree = "<group>"; };
		3ABD6E2E2588E06F00937F60 /* ConversationsCell.swift */ = {isa = PBXFileReference; lastKnownFileType = sourcecode.swift; path = ConversationsCell.swift; sourceTree = "<group>"; };
/* End PBXFileReference section */

/* Begin PBXFrameworksBuildPhase section */
		3A2DE6EE25879F1200B41AE9 /* Frameworks */ = {
			isa = PBXFrameworksBuildPhase;
			buildActionMask = 2147483647;
			files = (
			);
			runOnlyForDeploymentPostprocessing = 0;
		};
/* End PBXFrameworksBuildPhase section */

/* Begin PBXGroup section */
		3A2DE6E825879F1200B41AE9 = {
			isa = PBXGroup;
			children = (
				3A2DE6F325879F1200B41AE9 /* Twi-Chat */,
				3A2DE6F225879F1200B41AE9 /* Products */,
			);
			sourceTree = "<group>";
		};
		3A2DE6F225879F1200B41AE9 /* Products */ = {
			isa = PBXGroup;
			children = (
				3A2DE6F125879F1200B41AE9 /* Twi-Chat.app */,
			);
			name = Products;
			sourceTree = "<group>";
		};
		3A2DE6F325879F1200B41AE9 /* Twi-Chat */ = {
			isa = PBXGroup;
			children = (
				3A2DE6F425879F1200B41AE9 /* Twi_ChatApp.swift */,
				3A2DE70625879F3E00B41AE9 /* Model */,
				3A2DE70525879F3800B41AE9 /* ViewModel */,
				3A2DE70425879F3500B41AE9 /* View */,
				3A2DE6F625879F1200B41AE9 /* ContentView.swift */,
				3A2DE70C2587A47500B41AE9 /* Extensions */,
				3A2DE6F825879F1300B41AE9 /* Assets.xcassets */,
				3A2DE6FD25879F1300B41AE9 /* Info.plist */,
				3A2DE6FA25879F1300B41AE9 /* Preview Content */,
			);
			path = "Twi-Chat";
			sourceTree = "<group>";
		};
		3A2DE6FA25879F1300B41AE9 /* Preview Content */ = {
			isa = PBXGroup;
			children = (
				3A2DE6FB25879F1300B41AE9 /* Preview Assets.xcassets */,
			);
			path = "Preview Content";
			sourceTree = "<group>";
		};
		3A2DE70425879F3500B41AE9 /* View */ = {
			isa = PBXGroup;
			children = (
				3A2DE7082587A1AB00B41AE9 /* MainTabView.swift */,
				3A2DE70D2587A4E400B41AE9 /* FeedView.swift */,
				3A2DE7102587A9CF00B41AE9 /* TweetCell.swift */,
				3ABD6E252588DD9400937F60 /* UserCell.swift */,
				3ABD6E222588DA6900937F60 /* SearchView.swift */,
				3ABD6E292588E03600937F60 /* Messages */,
			);
			path = View;
			sourceTree = "<group>";
		};
		3A2DE70525879F3800B41AE9 /* ViewModel */ = {
			isa = PBXGroup;
			children = (
			);
			path = ViewModel;
			sourceTree = "<group>";
		};
		3A2DE70625879F3E00B41AE9 /* Model */ = {
			isa = PBXGroup;
			children = (
			);
			path = Model;
			sourceTree = "<group>";
		};
		3A2DE70C2587A47500B41AE9 /* Extensions */ = {
			isa = PBXGroup;
			children = (
			);
			path = Extensions;
			sourceTree = "<group>";
		};
		3ABD6E292588E03600937F60 /* Messages */ = {
			isa = PBXGroup;
			children = (
				3ABD6E2A2588E05500937F60 /* ConversationsView.swift */,
				3ABD6E2E2588E06F00937F60 /* ConversationsCell.swift */,
			);
			path = Messages;
			sourceTree = "<group>";
		};
/* End PBXGroup section */

/* Begin PBXNativeTarget section */
		3A2DE6F025879F1200B41AE9 /* Twi-Chat */ = {
			isa = PBXNativeTarget;
			buildConfigurationList = 3A2DE70025879F1300B41AE9 /* Build configuration list for PBXNativeTarget "Twi-Chat" */;
			buildPhases = (
				3A2DE6ED25879F1200B41AE9 /* Sources */,
				3A2DE6EE25879F1200B41AE9 /* Frameworks */,
				3A2DE6EF25879F1200B41AE9 /* Resources */,
			);
			buildRules = (
			);
			dependencies = (
			);
			name = "Twi-Chat";
			productName = "Twi-Chat";
			productReference = 3A2DE6F125879F1200B41AE9 /* Twi-Chat.app */;
			productType = "com.apple.product-type.application";
		};
/* End PBXNativeTarget section */

/* Begin PBXProject section */
		3A2DE6E925879F1200B41AE9 /* Project object */ = {
			isa = PBXProject;
			attributes = {
				LastSwiftUpdateCheck = 1220;
				LastUpgradeCheck = 1220;
				TargetAttributes = {
					3A2DE6F025879F1200B41AE9 = {
						CreatedOnToolsVersion = 12.2;
					};
				};
			};
			buildConfigurationList = 3A2DE6EC25879F1200B41AE9 /* Build configuration list for PBXProject "Twi-Chat" */;
			compatibilityVersion = "Xcode 9.3";
			developmentRegion = en;
			hasScannedForEncodings = 0;
			knownRegions = (
				en,
				Base,
			);
			mainGroup = 3A2DE6E825879F1200B41AE9;
			productRefGroup = 3A2DE6F225879F1200B41AE9 /* Products */;
			projectDirPath = "";
			projectRoot = "";
			targets = (
				3A2DE6F025879F1200B41AE9 /* Twi-Chat */,
			);
		};
/* End PBXProject section */

/* Begin PBXResourcesBuildPhase section */
		3A2DE6EF25879F1200B41AE9 /* Resources */ = {
			isa = PBXResourcesBuildPhase;
			buildActionMask = 2147483647;
			files = (
				3A2DE6FC25879F1300B41AE9 /* Preview Assets.xcassets in Resources */,
				3A2DE6F925879F1300B41AE9 /* Assets.xcassets in Resources */,
			);
			runOnlyForDeploymentPostprocessing = 0;
		};
/* End PBXResourcesBuildPhase section */

/* Begin PBXSourcesBuildPhase section */
		3A2DE6ED25879F1200B41AE9 /* Sources */ = {
			isa = PBXSourcesBuildPhase;
			buildActionMask = 2147483647;
			files = (
				3A2DE70E2587A4E400B41AE9 /* FeedView.swift in Sources */,
				3A2DE6F725879F1200B41AE9 /* ContentView.swift in Sources */,
				3A2DE7112587A9CF00B41AE9 /* TweetCell.swift in Sources */,
				3ABD6E2B2588E05500937F60 /* ConversationsView.swift in Sources */,
				3A2DE6F525879F1200B41AE9 /* Twi_ChatApp.swift in Sources */,
				3ABD6E2F2588E06F00937F60 /* ConversationsCell.swift in Sources */,
				3ABD6E232588DA6900937F60 /* SearchView.swift in Sources */,
				3A2DE7092587A1AB00B41AE9 /* MainTabView.swift in Sources */,
				3ABD6E262588DD9400937F60 /* UserCell.swift in Sources */,
			);
			runOnlyForDeploymentPostprocessing = 0;
		};
/* End PBXSourcesBuildPhase section */

/* Begin XCBuildConfiguration section */
		3A2DE6FE25879F1300B41AE9 /* Debug */ = {
			isa = XCBuildConfiguration;
			buildSettings = {
				ALWAYS_SEARCH_USER_PATHS = NO;
				CLANG_ANALYZER_NONNULL = YES;
				CLANG_ANALYZER_NUMBER_OBJECT_CONVERSION = YES_AGGRESSIVE;
				CLANG_CXX_LANGUAGE_STANDARD = "gnu++14";
				CLANG_CXX_LIBRARY = "libc++";
				CLANG_ENABLE_MODULES = YES;
				CLANG_ENABLE_OBJC_ARC = YES;
				CLANG_ENABLE_OBJC_WEAK = YES;
				CLANG_WARN_BLOCK_CAPTURE_AUTORELEASING = YES;
				CLANG_WARN_BOOL_CONVERSION = YES;
				CLANG_WARN_COMMA = YES;
				CLANG_WARN_CONSTANT_CONVERSION = YES;
				CLANG_WARN_DEPRECATED_OBJC_IMPLEMENTATIONS = YES;
				CLANG_WARN_DIRECT_OBJC_ISA_USAGE = YES_ERROR;
				CLANG_WARN_DOCUMENTATION_COMMENTS = YES;
				CLANG_WARN_EMPTY_BODY = YES;
				CLANG_WARN_ENUM_CONVERSION = YES;
				CLANG_WARN_INFINITE_RECURSION = YES;
				CLANG_WARN_INT_CONVERSION = YES;
				CLANG_WARN_NON_LITERAL_NULL_CONVERSION = YES;
				CLANG_WARN_OBJC_IMPLICIT_RETAIN_SELF = YES;
				CLANG_WARN_OBJC_LITERAL_CONVERSION = YES;
				CLANG_WARN_OBJC_ROOT_CLASS = YES_ERROR;
				CLANG_WARN_QUOTED_INCLUDE_IN_FRAMEWORK_HEADER = YES;
				CLANG_WARN_RANGE_LOOP_ANALYSIS = YES;
				CLANG_WARN_STRICT_PROTOTYPES = YES;
				CLANG_WARN_SUSPICIOUS_MOVE = YES;
				CLANG_WARN_UNGUARDED_AVAILABILITY = YES_AGGRESSIVE;
				CLANG_WARN_UNREACHABLE_CODE = YES;
				CLANG_WARN__DUPLICATE_METHOD_MATCH = YES;
				COPY_PHASE_STRIP = NO;
				DEBUG_INFORMATION_FORMAT = dwarf;
				ENABLE_STRICT_OBJC_MSGSEND = YES;
				ENABLE_TESTABILITY = YES;
				GCC_C_LANGUAGE_STANDARD = gnu11;
				GCC_DYNAMIC_NO_PIC = NO;
				GCC_NO_COMMON_BLOCKS = YES;
				GCC_OPTIMIZATION_LEVEL = 0;
				GCC_PREPROCESSOR_DEFINITIONS = (
					"DEBUG=1",
					"$(inherited)",
				);
				GCC_WARN_64_TO_32_BIT_CONVERSION = YES;
				GCC_WARN_ABOUT_RETURN_TYPE = YES_ERROR;
				GCC_WARN_UNDECLARED_SELECTOR = YES;
				GCC_WARN_UNINITIALIZED_AUTOS = YES_AGGRESSIVE;
				GCC_WARN_UNUSED_FUNCTION = YES;
				GCC_WARN_UNUSED_VARIABLE = YES;
				IPHONEOS_DEPLOYMENT_TARGET = 14.2;
				MTL_ENABLE_DEBUG_INFO = INCLUDE_SOURCE;
				MTL_FAST_MATH = YES;
				ONLY_ACTIVE_ARCH = YES;
				SDKROOT = iphoneos;
				SWIFT_ACTIVE_COMPILATION_CONDITIONS = DEBUG;
				SWIFT_OPTIMIZATION_LEVEL = "-Onone";
			};
			name = Debug;
		};
		3A2DE6FF25879F1300B41AE9 /* Release */ = {
			isa = XCBuildConfiguration;
			buildSettings = {
				ALWAYS_SEARCH_USER_PATHS = NO;
				CLANG_ANALYZER_NONNULL = YES;
				CLANG_ANALYZER_NUMBER_OBJECT_CONVERSION = YES_AGGRESSIVE;
				CLANG_CXX_LANGUAGE_STANDARD = "gnu++14";
				CLANG_CXX_LIBRARY = "libc++";
				CLANG_ENABLE_MODULES = YES;
				CLANG_ENABLE_OBJC_ARC = YES;
				CLANG_ENABLE_OBJC_WEAK = YES;
				CLANG_WARN_BLOCK_CAPTURE_AUTORELEASING = YES;
				CLANG_WARN_BOOL_CONVERSION = YES;
				CLANG_WARN_COMMA = YES;
				CLANG_WARN_CONSTANT_CONVERSION = YES;
				CLANG_WARN_DEPRECATED_OBJC_IMPLEMENTATIONS = YES;
				CLANG_WARN_DIRECT_OBJC_ISA_USAGE = YES_ERROR;
				CLANG_WARN_DOCUMENTATION_COMMENTS = YES;
				CLANG_WARN_EMPTY_BODY = YES;
				CLANG_WARN_ENUM_CONVERSION = YES;
				CLANG_WARN_INFINITE_RECURSION = YES;
				CLANG_WARN_INT_CONVERSION = YES;
				CLANG_WARN_NON_LITERAL_NULL_CONVERSION = YES;
				CLANG_WARN_OBJC_IMPLICIT_RETAIN_SELF = YES;
				CLANG_WARN_OBJC_LITERAL_CONVERSION = YES;
				CLANG_WARN_OBJC_ROOT_CLASS = YES_ERROR;
				CLANG_WARN_QUOTED_INCLUDE_IN_FRAMEWORK_HEADER = YES;
				CLANG_WARN_RANGE_LOOP_ANALYSIS = YES;
				CLANG_WARN_STRICT_PROTOTYPES = YES;
				CLANG_WARN_SUSPICIOUS_MOVE = YES;
				CLANG_WARN_UNGUARDED_AVAILABILITY = YES_AGGRESSIVE;
				CLANG_WARN_UNREACHABLE_CODE = YES;
				CLANG_WARN__DUPLICATE_METHOD_MATCH = YES;
				COPY_PHASE_STRIP = NO;
				DEBUG_INFORMATION_FORMAT = "dwarf-with-dsym";
				ENABLE_NS_ASSERTIONS = NO;
				ENABLE_STRICT_OBJC_MSGSEND = YES;
				GCC_C_LANGUAGE_STANDARD = gnu11;
				GCC_NO_COMMON_BLOCKS = YES;
				GCC_WARN_64_TO_32_BIT_CONVERSION = YES;
				GCC_WARN_ABOUT_RETURN_TYPE = YES_ERROR;
				GCC_WARN_UNDECLARED_SELECTOR = YES;
				GCC_WARN_UNINITIALIZED_AUTOS = YES_AGGRESSIVE;
				GCC_WARN_UNUSED_FUNCTION = YES;
				GCC_WARN_UNUSED_VARIABLE = YES;
				IPHONEOS_DEPLOYMENT_TARGET = 14.2;
				MTL_ENABLE_DEBUG_INFO = NO;
				MTL_FAST_MATH = YES;
				SDKROOT = iphoneos;
				SWIFT_COMPILATION_MODE = wholemodule;
				SWIFT_OPTIMIZATION_LEVEL = "-O";
				VALIDATE_PRODUCT = YES;
			};
			name = Release;
		};
		3A2DE70125879F1300B41AE9 /* Debug */ = {
			isa = XCBuildConfiguration;
			buildSettings = {
				ASSETCATALOG_COMPILER_APPICON_NAME = AppIcon;
				ASSETCATALOG_COMPILER_GLOBAL_ACCENT_COLOR_NAME = AccentColor;
				CODE_SIGN_STYLE = Automatic;
				DEVELOPMENT_ASSET_PATHS = "\"Twi-Chat/Preview Content\"";
				DEVELOPMENT_TEAM = 4KJFNVZ8R6;
				ENABLE_PREVIEWS = YES;
				INFOPLIST_FILE = "Twi-Chat/Info.plist";
				IPHONEOS_DEPLOYMENT_TARGET = 14.0;
				LD_RUNPATH_SEARCH_PATHS = (
					"$(inherited)",
					"@executable_path/Frameworks",
				);
				PRODUCT_BUNDLE_IDENTIFIER = "com.yuukisakai.Twi-Chat";
				PRODUCT_NAME = "$(TARGET_NAME)";
				SWIFT_VERSION = 5.0;
				TARGETED_DEVICE_FAMILY = "1,2";
			};
			name = Debug;
		};
		3A2DE70225879F1300B41AE9 /* Release */ = {
			isa = XCBuildConfiguration;
			buildSettings = {
				ASSETCATALOG_COMPILER_APPICON_NAME = AppIcon;
				ASSETCATALOG_COMPILER_GLOBAL_ACCENT_COLOR_NAME = AccentColor;
				CODE_SIGN_STYLE = Automatic;
				DEVELOPMENT_ASSET_PATHS = "\"Twi-Chat/Preview Content\"";
				DEVELOPMENT_TEAM = 4KJFNVZ8R6;
				ENABLE_PREVIEWS = YES;
				INFOPLIST_FILE = "Twi-Chat/Info.plist";
				IPHONEOS_DEPLOYMENT_TARGET = 14.0;
				LD_RUNPATH_SEARCH_PATHS = (
					"$(inherited)",
					"@executable_path/Frameworks",
				);
				PRODUCT_BUNDLE_IDENTIFIER = "com.yuukisakai.Twi-Chat";
				PRODUCT_NAME = "$(TARGET_NAME)";
				SWIFT_VERSION = 5.0;
				TARGETED_DEVICE_FAMILY = "1,2";
			};
			name = Release;
		};
/* End XCBuildConfiguration section */

/* Begin XCConfigurationList section */
		3A2DE6EC25879F1200B41AE9 /* Build configuration list for PBXProject "Twi-Chat" */ = {
			isa = XCConfigurationList;
			buildConfigurations = (
				3A2DE6FE25879F1300B41AE9 /* Debug */,
				3A2DE6FF25879F1300B41AE9 /* Release */,
			);
			defaultConfigurationIsVisible = 0;
			defaultConfigurationName = Release;
		};
		3A2DE70025879F1300B41AE9 /* Build configuration list for PBXNativeTarget "Twi-Chat" */ = {
			isa = XCConfigurationList;
			buildConfigurations = (
				3A2DE70125879F1300B41AE9 /* Debug */,
				3A2DE70225879F1300B41AE9 /* Release */,
			);
			defaultConfigurationIsVisible = 0;
			defaultConfigurationName = Release;
		};
/* End XCConfigurationList section */
	};
	rootObject = 3A2DE6E925879F1200B41AE9 /* Project object */;
}
